Microsoft Visual Studio Solution File, Format Version 12.00
# Visual Studio Version 18
VisualStudioVersion = 18.8.12009.203 stable
MinimumVisualStudioVersion = 10.0.40219.1
Project("{FAE04EC0-301F-11D3-BF4B-00C04F79EFBC}") = "RoyalDesk.Api", "RoyalDesk.Api\RoyalDesk.Api.csproj", "{A55A7C31-1BF9-4C1D-AD31-015E456353D6}"
EndProject
Project("{FAE04EC0-301F-11D3-BF4B-00C04F79EFBC}") = "RoyalDesk.Api.Tests", "RoyalDesk.Api.Tests\RoyalDesk.Api.Tests.csproj", "{A937E797-CC4E-40C4-B679-95BC6F2A33B6}"
EndProject
Global
	GlobalSection(SolutionConfigurationPlatforms) = preSolution
		Debug|Any CPU = Debug|Any CPU
		Release|Any CPU = Release|Any CPU
	EndGlobalSection
	GlobalSection(ProjectConfigurationPlatforms) = postSolution
		{A55A7C31-1BF9-4C1D-AD31-015E456353D6}.Debug|Any CPU.ActiveCfg = Debug|Any CPU
		{A55A7C31-1BF9-4C1D-AD31-015E456353D6}.Debug|Any CPU.Build.0 = Debug|Any CPU
		{A55A7C31-1BF9-4C1D-AD31-015E456353D6}.Release|Any CPU.ActiveCfg = Release|Any CPU
		{A55A7C31-1BF9-4C1D-AD31-015E456353D6}.Release|Any CPU.Build.0 = Release|Any CPU
		{A937E797-CC4E-40C4-B679-95BC6F2A33B6}.Debug|Any CPU.ActiveCfg = Debug|Any CPU
		{A937E797-CC4E-40C4-B679-95BC6F2A33B6}.Debug|Any CPU.Build.0 = Debug|Any CPU
		{A937E797-CC4E-40C4-B679-95BC6F2A33B6}.Release|Any CPU.ActiveCfg = Release|Any CPU
		{A937E797-CC4E-40C4-B679-95BC6F2A33B6}.Release|Any CPU.Build.0 = Release|Any CPU
	EndGlobalSection
	GlobalSection(SolutionProperties) = preSolution
		HideSolutionNode = FALSE
	EndGlobalSection
	GlobalSection(ExtensibilityGlobals) = postSolution
		SolutionGuid = {B1588378-9E9B-4952-8A2F-F6329BC5F480}
	EndGlobalSection
EndGlobal
